
Microsoft Visual Studio Solution File, Format Version 12.00
# Visual Studio Version 17
VisualStudioVersion = 17.7.34031.279
MinimumVisualStudioVersion = 10.0.40219.1
Project("{FAE04EC0-301F-11D3-BF4B-00C04F79EFBC}") = "Jun2019", "Jun2019\Jun2019.csproj", "{7198BBE0-829F-4E48-A8B8-7CD4F96F9D4A}"
EndProject
Project("{FAE04EC0-301F-11D3-BF4B-00C04F79EFBC}") = "Jun2019ClientForm", "Jun2019ClientForm\Jun2019ClientForm.csproj", "{C604A38C-CB2E-4EC6-A84C-671CD4239DFF}"
	ProjectSection(ProjectDependencies) = postProject
		{7198BBE0-829F-4E48-A8B8-7CD4F96F9D4A} = {7198BBE0-829F-4E48-A8B8-7CD4F96F9D4A}
	EndProjectSection
EndProject
Project("{FAE04EC0-301F-11D3-BF4B-00C04F79EFBC}") = "Jun2021", "Jun2021\Jun2021.csproj", "{F78221EF-F4C8-4FD2-AB11-D7207EC0BC9F}"
EndProject
Project("{FAE04EC0-301F-11D3-BF4B-00C04F79EFBC}") = "Jun2021ClientForm", "Jun2021ClientForm\Jun2021ClientForm.csproj", "{68F92F3B-F0E0-4168-813C-F59BA546A14D}"
	ProjectSection(ProjectDependencies) = postProject
		{F78221EF-F4C8-4FD2-AB11-D7207EC0BC9F} = {F78221EF-F4C8-4FD2-AB11-D7207EC0BC9F}
	EndProjectSection
EndProject
Project("{FAE04EC0-301F-11D3-BF4B-00C04F79EFBC}") = "Oktobar2020", "Oktobar2020\Oktobar2020.csproj", "{6BD6A0AD-A504-43DB-9A5F-73560EA44610}"
EndProject
Project("{FAE04EC0-301F-11D3-BF4B-00C04F79EFBC}") = "Oktobar2020ClientForm", "Oktobar2020ClientForm\Oktobar2020ClientForm.csproj", "{5204D6A3-315A-4D41-8DB4-92B0C4BB8503}"
	ProjectSection(ProjectDependencies) = postProject
		{6BD6A0AD-A504-43DB-9A5F-73560EA44610} = {6BD6A0AD-A504-43DB-9A5F-73560EA44610}
	EndProjectSection
EndProject
Project("{FAE04EC0-301F-11D3-BF4B-00C04F79EFBC}") = "April2021", "April2021\April2021.csproj", "{20435011-0B11-408B-968E-8BE41A23B4DC}"
EndProject
Project("{FAE04EC0-301F-11D3-BF4B-00C04F79EFBC}") = "April2021Client", "April2021Client\April2021Client.csproj", "{C0CE348F-0DC2-4BFB-846A-69FBA0830473}"
	ProjectSection(ProjectDependencies) = postProject
		{20435011-0B11-408B-968E-8BE41A23B4DC} = {20435011-0B11-408B-968E-8BE41A23B4DC}
	EndProjectSection
EndProject
Project("{FAE04EC0-301F-11D3-BF4B-00C04F79EFBC}") = "Jun2020", "Jun2020\Jun2020.csproj", "{0396380C-F7EE-4C46-AD87-144255689B92}"
EndProject
Project("{FAE04EC0-301F-11D3-BF4B-00C04F79EFBC}") = "Jun2020Client", "Jun2020Client\Jun2020Client.csproj", "{546D1C56-3ADA-4F91-B1A3-7FA121F0E52C}"
	ProjectSection(ProjectDependencies) = postProject
		{0396380C-F7EE-4C46-AD87-144255689B92} = {0396380C-F7EE-4C46-AD87-144255689B92}
	EndProjectSection
EndProject
Project("{FAE04EC0-301F-11D3-BF4B-00C04F79EFBC}") = "Jun2020Control", "Jun2020Control\Jun2020Control.csproj", "{A3254F57-91AC-4C60-9BE7-7578725E3ACD}"
	ProjectSection(ProjectDependencies) = postProject
		{0396380C-F7EE-4C46-AD87-144255689B92} = {0396380C-F7EE-4C46-AD87-144255689B92}
	EndProjectSection
EndProject
Project("{FAE04EC0-301F-11D3-BF4B-00C04F79EFBC}") = "Oktobar2021", "Oktobar2021\Oktobar2021.csproj", "{F436C249-7D1C-4FB9-8342-211622404063}"
EndProject
Project("{FAE04EC0-301F-11D3-BF4B-00C04F79EFBC}") = "Oktobar2021Client", "Oktobar2021Client\Oktobar2021Client.csproj", "{DDB17156-0AAD-4CF0-86D2-5FB129C79328}"
	ProjectSection(ProjectDependencies) = postProject
		{F436C249-7D1C-4FB9-8342-211622404063} = {F436C249-7D1C-4FB9-8342-211622404063}
	EndProjectSection
EndProject
Project("{FAE04EC0-301F-11D3-BF4B-00C04F79EFBC}") = "Oktobar2023", "Oktobar2023\Oktobar2023.csproj", "{342BFDA0-3D4F-4D98-A52E-8B609877E2F1}"
EndProject
Global
	GlobalSection(SolutionConfigurationPlatforms) = preSolution
		Debug|Any CPU = Debug|Any CPU
		Release|Any CPU = Release|Any CPU
	EndGlobalSection
	GlobalSection(ProjectConfigurationPlatforms) = postSolution
		{7198BBE0-829F-4E48-A8B8-7CD4F96F9D4A}.Debug|Any CPU.ActiveCfg = Debug|Any CPU
		{7198BBE0-829F-4E48-A8B8-7CD4F96F9D4A}.Debug|Any CPU.Build.0 = Debug|Any CPU
		{7198BBE0-829F-4E48-A8B8-7CD4F96F9D4A}.Release|Any CPU.ActiveCfg = Release|Any CPU
		{7198BBE0-829F-4E48-A8B8-7CD4F96F9D4A}.Release|Any CPU.Build.0 = Release|Any CPU
		{C604A38C-CB2E-4EC6-A84C-671CD4239DFF}.Debug|Any CPU.ActiveCfg = Debug|Any CPU
		{C604A38C-CB2E-4EC6-A84C-671CD4239DFF}.Debug|Any CPU.Build.0 = Debug|Any CPU
		{C604A38C-CB2E-4EC6-A84C-671CD4239DFF}.Release|Any CPU.ActiveCfg = Release|Any CPU
		{C604A38C-CB2E-4EC6-A84C-671CD4239DFF}.Release|Any CPU.Build.0 = Release|Any CPU
		{F78221EF-F4C8-4FD2-AB11-D7207EC0BC9F}.Debug|Any CPU.ActiveCfg = Debug|Any CPU
		{F78221EF-F4C8-4FD2-AB11-D7207EC0BC9F}.Debug|Any CPU.Build.0 = Debug|Any CPU
		{F78221EF-F4C8-4FD2-AB11-D7207EC0BC9F}.Release|Any CPU.ActiveCfg = Release|Any CPU
		{F78221EF-F4C8-4FD2-AB11-D7207EC0BC9F}.Release|Any CPU.Build.0 = Release|Any CPU
		{68F92F3B-F0E0-4168-813C-F59BA546A14D}.Debug|Any CPU.ActiveCfg = Debug|Any CPU
		{68F92F3B-F0E0-4168-813C-F59BA546A14D}.Debug|Any CPU.Build.0 = Debug|Any CPU
		{68F92F3B-F0E0-4168-813C-F59BA546A14D}.Release|Any CPU.ActiveCfg = Release|Any CPU
		{68F92F3B-F0E0-4168-813C-F59BA546A14D}.Release|Any CPU.Build.0 = Release|Any CPU
		{6BD6A0AD-A504-43DB-9A5F-73560EA44610}.Debug|Any CPU.ActiveCfg = Debug|Any CPU
		{6BD6A0AD-A504-43DB-9A5F-73560EA44610}.Debug|Any CPU.Build.0 = Debug|Any CPU
		{6BD6A0AD-A504-43DB-9A5F-73560EA44610}.Release|Any CPU.ActiveCfg = Release|Any CPU
		{6BD6A0AD-A504-43DB-9A5F-73560EA44610}.Release|Any CPU.Build.0 = Release|Any CPU
		{5204D6A3-315A-4D41-8DB4-92B0C4BB8503}.Debug|Any CPU.ActiveCfg = Debug|Any CPU
		{5204D6A3-315A-4D41-8DB4-92B0C4BB8503}.Debug|Any CPU.Build.0 = Debug|Any CPU
		{5204D6A3-315A-4D41-8DB4-92B0C4BB8503}.Release|Any CPU.ActiveCfg = Release|Any CPU
		{5204D6A3-315A-4D41-8DB4-92B0C4BB8503}.Release|Any CPU.Build.0 = Release|Any CPU
		{20435011-0B11-408B-968E-8BE41A23B4DC}.Debug|Any CPU.ActiveCfg = Debug|Any CPU
		{20435011-0B11-408B-968E-8BE41A23B4DC}.Debug|Any CPU.Build.0 = Debug|Any CPU
		{20435011-0B11-408B-968E-8BE41A23B4DC}.Release|Any CPU.ActiveCfg = Release|Any CPU
		{20435011-0B11-408B-968E-8BE41A23B4DC}.Release|Any CPU.Build.0 = Release|Any CPU
		{C0CE348F-0DC2-4BFB-846A-69FBA0830473}.Debug|Any CPU.ActiveCfg = Debug|Any CPU
		{C0CE348F-0DC2-4BFB-846A-69FBA0830473}.Debug|Any CPU.Build.0 = Debug|Any CPU
		{C0CE348F-0DC2-4BFB-846A-69FBA0830473}.Release|Any CPU.ActiveCfg = Release|Any CPU
		{C0CE348F-0DC2-4BFB-846A-69FBA0830473}.Release|Any CPU.Build.0 = Release|Any CPU
		{0396380C-F7EE-4C46-AD87-144255689B92}.Debug|Any CPU.ActiveCfg = Debug|Any CPU
		{0396380C-F7EE-4C46-AD87-144255689B92}.Debug|Any CPU.Build.0 = Debug|Any CPU
		{0396380C-F7EE-4C46-AD87-144255689B92}.Release|Any CPU.ActiveCfg = Release|Any CPU
		{0396380C-F7EE-4C46-AD87-144255689B92}.Release|Any CPU.Build.0 = Release|Any CPU
		{546D1C56-3ADA-4F91-B1A3-7FA121F0E52C}.Debug|Any CPU.ActiveCfg = Debug|Any CPU
		{546D1C56-3ADA-4F91-B1A3-7FA121F0E52C}.Debug|Any CPU.Build.0 = Debug|Any CPU
		{546D1C56-3ADA-4F91-B1A3-7FA121F0E52C}.Release|Any CPU.ActiveCfg = Release|Any CPU
		{546D1C56-3ADA-4F91-B1A3-7FA121F0E52C}.Release|Any CPU.Build.0 = Release|Any CPU
		{A3254F57-91AC-4C60-9BE7-7578725E3ACD}.Debug|Any CPU.ActiveCfg = Debug|Any CPU
		{A3254F57-91AC-4C60-9BE7-7578725E3ACD}.Debug|Any CPU.Build.0 = Debug|Any CPU
		{A3254F57-91AC-4C60-9BE7-7578725E3ACD}.Release|Any CPU.ActiveCfg = Release|Any CPU
		{A3254F57-91AC-4C60-9BE7-7578725E3ACD}.Release|Any CPU.Build.0 = Release|Any CPU
		{F436C249-7D1C-4FB9-8342-211622404063}.Debug|Any CPU.ActiveCfg = Debug|Any CPU
		{F436C249-7D1C-4FB9-8342-211622404063}.Debug|Any CPU.Build.0 = Debug|Any CPU
		{F436C249-7D1C-4FB9-8342-211622404063}.Release|Any CPU.ActiveCfg = Release|Any CPU
		{F436C249-7D1C-4FB9-8342-211622404063}.Release|Any CPU.Build.0 = Release|Any CPU
		{DDB17156-0AAD-4CF0-86D2-5FB129C79328}.Debug|Any CPU.ActiveCfg = Debug|Any CPU
		{DDB17156-0AAD-4CF0-86D2-5FB129C79328}.Debug|Any CPU.Build.0 = Debug|Any CPU
		{DDB17156-0AAD-4CF0-86D2-5FB129C79328}.Release|Any CPU.ActiveCfg = Release|Any CPU
		{DDB17156-0AAD-4CF0-86D2-5FB129C79328}.Release|Any CPU.Build.0 = Release|Any CPU
		{342BFDA0-3D4F-4D98-A52E-8B609877E2F1}.Debug|Any CPU.ActiveCfg = Debug|Any CPU
		{342BFDA0-3D4F-4D98-A52E-8B609877E2F1}.Debug|Any CPU.Build.0 = Debug|Any CPU
		{342BFDA0-3D4F-4D98-A52E-8B609877E2F1}.Release|Any CPU.ActiveCfg = Release|Any CPU
		{342BFDA0-3D4F-4D98-A52E-8B609877E2F1}.Release|Any CPU.Build.0 = Release|Any CPU
	EndGlobalSection
	GlobalSection(SolutionProperties) = preSolution
		HideSolutionNode = FALSE
	EndGlobalSection
	GlobalSection(ExtensibilityGlobals) = postSolution
		SolutionGuid = {1B858BBB-3559-436A-BFFE-2CBA209B0E3E}
	EndGlobalSection
EndGlobal
