
Microsoft Visual Studio Solution File, Format Version 12.00
# Visual Studio Version 16
VisualStudioVersion = 16.0.31424.327
MinimumVisualStudioVersion = 10.0.40219.1
Project("{8BC9CEB8-8B4A-11D0-8D11-00A0C91BC942}") = "21.06.2021", "21.06.2021\21.06.2021.vcxproj", "{A4FB8864-C2FD-4D42-83F8-D4116675B2DB}"
EndProject
Project("{8BC9CEB8-8B4A-11D0-8D11-00A0C91BC942}") = "21.09.2020", "21.09.2020\21.09.2020.vcxproj", "{67D03C86-7D05-4F5A-A4CE-F8126268E10B}"
EndProject
Project("{8BC9CEB8-8B4A-11D0-8D11-00A0C91BC942}") = "24.01.2019", "24.01.2019\24.01.2019.vcxproj", "{A06CA3DB-A7CF-4330-BF3E-3EAEFFCAEF85}"
EndProject
Project("{8BC9CEB8-8B4A-11D0-8D11-00A0C91BC942}") = "22.06.2020", "22.06.2020\22.06.2020.vcxproj", "{D1C0B14C-1909-45F1-A07F-9184FB55EE8A}"
EndProject
Project("{8BC9CEB8-8B4A-11D0-8D11-00A0C91BC942}") = "Integral", "Integral\Integral.vcxproj", "{506A249C-5AB4-4B3A-AEE6-F7FA828148CC}"
EndProject
Project("{8BC9CEB8-8B4A-11D0-8D11-00A0C91BC942}") = "06.10.2020", "06.10.2020\06.10.2020.vcxproj", "{2EE63601-3BE0-4F03-B6EC-68CD95226D41}"
EndProject
Project("{8BC9CEB8-8B4A-11D0-8D11-00A0C91BC942}") = "Septembar2021", "Septembar2021\Septembar2021.vcxproj", "{199A4358-6E65-4E75-8B8C-8F69A61F169F}"
EndProject
Global
	GlobalSection(SolutionConfigurationPlatforms) = preSolution
		Debug|Any CPU = Debug|Any CPU
		Debug|x64 = Debug|x64
		Debug|x86 = Debug|x86
		Release|Any CPU = Release|Any CPU
		Release|x64 = Release|x64
		Release|x86 = Release|x86
	EndGlobalSection
	GlobalSection(ProjectConfigurationPlatforms) = postSolution
		{A4FB8864-C2FD-4D42-83F8-D4116675B2DB}.Debug|Any CPU.ActiveCfg = Debug|Win32
		{A4FB8864-C2FD-4D42-83F8-D4116675B2DB}.Debug|x64.ActiveCfg = Debug|x64
		{A4FB8864-C2FD-4D42-83F8-D4116675B2DB}.Debug|x64.Build.0 = Debug|x64
		{A4FB8864-C2FD-4D42-83F8-D4116675B2DB}.Debug|x86.ActiveCfg = Debug|Win32
		{A4FB8864-C2FD-4D42-83F8-D4116675B2DB}.Debug|x86.Build.0 = Debug|Win32
		{A4FB8864-C2FD-4D42-83F8-D4116675B2DB}.Release|Any CPU.ActiveCfg = Release|Win32
		{A4FB8864-C2FD-4D42-83F8-D4116675B2DB}.Release|x64.ActiveCfg = Release|x64
		{A4FB8864-C2FD-4D42-83F8-D4116675B2DB}.Release|x64.Build.0 = Release|x64
		{A4FB8864-C2FD-4D42-83F8-D4116675B2DB}.Release|x86.ActiveCfg = Release|Win32
		{A4FB8864-C2FD-4D42-83F8-D4116675B2DB}.Release|x86.Build.0 = Release|Win32
		{67D03C86-7D05-4F5A-A4CE-F8126268E10B}.Debug|Any CPU.ActiveCfg = Debug|Win32
		{67D03C86-7D05-4F5A-A4CE-F8126268E10B}.Debug|x64.ActiveCfg = Debug|x64
		{67D03C86-7D05-4F5A-A4CE-F8126268E10B}.Debug|x64.Build.0 = Debug|x64
		{67D03C86-7D05-4F5A-A4CE-F8126268E10B}.Debug|x86.ActiveCfg = Debug|Win32
		{67D03C86-7D05-4F5A-A4CE-F8126268E10B}.Debug|x86.Build.0 = Debug|Win32
		{67D03C86-7D05-4F5A-A4CE-F8126268E10B}.Release|Any CPU.ActiveCfg = Release|Win32
		{67D03C86-7D05-4F5A-A4CE-F8126268E10B}.Release|x64.ActiveCfg = Release|x64
		{67D03C86-7D05-4F5A-A4CE-F8126268E10B}.Release|x64.Build.0 = Release|x64
		{67D03C86-7D05-4F5A-A4CE-F8126268E10B}.Release|x86.ActiveCfg = Release|Win32
		{67D03C86-7D05-4F5A-A4CE-F8126268E10B}.Release|x86.Build.0 = Release|Win32
		{A06CA3DB-A7CF-4330-BF3E-3EAEFFCAEF85}.Debug|Any CPU.ActiveCfg = Debug|Win32
		{A06CA3DB-A7CF-4330-BF3E-3EAEFFCAEF85}.Debug|x64.ActiveCfg = Debug|x64
		{A06CA3DB-A7CF-4330-BF3E-3EAEFFCAEF85}.Debug|x64.Build.0 = Debug|x64
		{A06CA3DB-A7CF-4330-BF3E-3EAEFFCAEF85}.Debug|x86.ActiveCfg = Debug|Win32
		{A06CA3DB-A7CF-4330-BF3E-3EAEFFCAEF85}.Debug|x86.Build.0 = Debug|Win32
		{A06CA3DB-A7CF-4330-BF3E-3EAEFFCAEF85}.Release|Any CPU.ActiveCfg = Release|Win32
		{A06CA3DB-A7CF-4330-BF3E-3EAEFFCAEF85}.Release|x64.ActiveCfg = Release|x64
		{A06CA3DB-A7CF-4330-BF3E-3EAEFFCAEF85}.Release|x64.Build.0 = Release|x64
		{A06CA3DB-A7CF-4330-BF3E-3EAEFFCAEF85}.Release|x86.ActiveCfg = Release|Win32
		{A06CA3DB-A7CF-4330-BF3E-3EAEFFCAEF85}.Release|x86.Build.0 = Release|Win32
		{D1C0B14C-1909-45F1-A07F-9184FB55EE8A}.Debug|Any CPU.ActiveCfg = Debug|Win32
		{D1C0B14C-1909-45F1-A07F-9184FB55EE8A}.Debug|x64.ActiveCfg = Debug|x64
		{D1C0B14C-1909-45F1-A07F-9184FB55EE8A}.Debug|x64.Build.0 = Debug|x64
		{D1C0B14C-1909-45F1-A07F-9184FB55EE8A}.Debug|x86.ActiveCfg = Debug|Win32
		{D1C0B14C-1909-45F1-A07F-9184FB55EE8A}.Debug|x86.Build.0 = Debug|Win32
		{D1C0B14C-1909-45F1-A07F-9184FB55EE8A}.Release|Any CPU.ActiveCfg = Release|Win32
		{D1C0B14C-1909-45F1-A07F-9184FB55EE8A}.Release|x64.ActiveCfg = Release|x64
		{D1C0B14C-1909-45F1-A07F-9184FB55EE8A}.Release|x64.Build.0 = Release|x64
		{D1C0B14C-1909-45F1-A07F-9184FB55EE8A}.Release|x86.ActiveCfg = Release|Win32
		{D1C0B14C-1909-45F1-A07F-9184FB55EE8A}.Release|x86.Build.0 = Release|Win32
		{506A249C-5AB4-4B3A-AEE6-F7FA828148CC}.Debug|Any CPU.ActiveCfg = Debug|Win32
		{506A249C-5AB4-4B3A-AEE6-F7FA828148CC}.Debug|x64.ActiveCfg = Debug|x64
		{506A249C-5AB4-4B3A-AEE6-F7FA828148CC}.Debug|x64.Build.0 = Debug|x64
		{506A249C-5AB4-4B3A-AEE6-F7FA828148CC}.Debug|x86.ActiveCfg = Debug|Win32
		{506A249C-5AB4-4B3A-AEE6-F7FA828148CC}.Debug|x86.Build.0 = Debug|Win32
		{506A249C-5AB4-4B3A-AEE6-F7FA828148CC}.Release|Any CPU.ActiveCfg = Release|Win32
		{506A249C-5AB4-4B3A-AEE6-F7FA828148CC}.Release|x64.ActiveCfg = Release|x64
		{506A249C-5AB4-4B3A-AEE6-F7FA828148CC}.Release|x64.Build.0 = Release|x64
		{506A249C-5AB4-4B3A-AEE6-F7FA828148CC}.Release|x86.ActiveCfg = Release|Win32
		{506A249C-5AB4-4B3A-AEE6-F7FA828148CC}.Release|x86.Build.0 = Release|Win32
		{2EE63601-3BE0-4F03-B6EC-68CD95226D41}.Debug|Any CPU.ActiveCfg = Debug|Win32
		{2EE63601-3BE0-4F03-B6EC-68CD95226D41}.Debug|x64.ActiveCfg = Debug|x64
		{2EE63601-3BE0-4F03-B6EC-68CD95226D41}.Debug|x64.Build.0 = Debug|x64
		{2EE63601-3BE0-4F03-B6EC-68CD95226D41}.Debug|x86.ActiveCfg = Debug|Win32
		{2EE63601-3BE0-4F03-B6EC-68CD95226D41}.Debug|x86.Build.0 = Debug|Win32
		{2EE63601-3BE0-4F03-B6EC-68CD95226D41}.Release|Any CPU.ActiveCfg = Release|Win32
		{2EE63601-3BE0-4F03-B6EC-68CD95226D41}.Release|x64.ActiveCfg = Release|x64
		{2EE63601-3BE0-4F03-B6EC-68CD95226D41}.Release|x64.Build.0 = Release|x64
		{2EE63601-3BE0-4F03-B6EC-68CD95226D41}.Release|x86.ActiveCfg = Release|Win32
		{2EE63601-3BE0-4F03-B6EC-68CD95226D41}.Release|x86.Build.0 = Release|Win32
		{199A4358-6E65-4E75-8B8C-8F69A61F169F}.Debug|Any CPU.ActiveCfg = Debug|Win32
		{199A4358-6E65-4E75-8B8C-8F69A61F169F}.Debug|x64.ActiveCfg = Debug|x64
		{199A4358-6E65-4E75-8B8C-8F69A61F169F}.Debug|x64.Build.0 = Debug|x64
		{199A4358-6E65-4E75-8B8C-8F69A61F169F}.Debug|x86.ActiveCfg = Debug|Win32
		{199A4358-6E65-4E75-8B8C-8F69A61F169F}.Debug|x86.Build.0 = Debug|Win32
		{199A4358-6E65-4E75-8B8C-8F69A61F169F}.Release|Any CPU.ActiveCfg = Release|Win32
		{199A4358-6E65-4E75-8B8C-8F69A61F169F}.Release|x64.ActiveCfg = Release|x64
		{199A4358-6E65-4E75-8B8C-8F69A61F169F}.Release|x64.Build.0 = Release|x64
		{199A4358-6E65-4E75-8B8C-8F69A61F169F}.Release|x86.ActiveCfg = Release|Win32
		{199A4358-6E65-4E75-8B8C-8F69A61F169F}.Release|x86.Build.0 = Release|Win32
	EndGlobalSection
	GlobalSection(SolutionProperties) = preSolution
		HideSolutionNode = FALSE
	EndGlobalSection
	GlobalSection(ExtensibilityGlobals) = postSolution
		SolutionGuid = {7D6235EF-04EB-464C-AB91-301C485898CF}
	EndGlobalSection
EndGlobal
